// !$*UTF8*$!
{
	archiveVersion = 1;
	classes = {
	};
	objectVersion = 46;
	objects = {

/* Begin PBXBuildFile section */
		842CC14715325DF4009DE1BF /* main.cpp in Sources */ = {isa = PBXBuildFile; fileRef = 842CC14615325DF4009DE1BF /* main.cpp */; };
		842CC15015325E25009DE1BF /* Grafo.cpp in Sources */ = {isa = PBXBuildFile; fileRef = 842CC14E15325E25009DE1BF /* Grafo.cpp */; };
/* End PBXBuildFile section */

/* Begin PBXCopyFilesBuildPhase section */
		842CC14015325DF4009DE1BF /* CopyFiles */ = {
			isa = PBXCopyFilesBuildPhase;
			buildActionMask = 2147483647;
			dstPath = /usr/share/man/man1/;
			dstSubfolderSpec = 0;
			files = (
			);
			runOnlyForDeploymentPostprocessing = 1;
		};
/* End PBXCopyFilesBuildPhase section */

/* Begin PBXFileReference section */
		842CC14215325DF4009DE1BF /* GrafoMatriz */ = {isa = PBXFileReference; explicitFileType = "compiled.mach-o.executable"; includeInIndex = 0; path = GrafoMatriz; sourceTree = BUILT_PRODUCTS_DIR; };
		842CC14615325DF4009DE1BF /* main.cpp */ = {isa = PBXFileReference; lastKnownFileType = sourcecode.cpp.cpp; path = main.cpp; sourceTree = "<group>"; };
		842CC14815325DF4009DE1BF /* GrafoMatriz.1 */ = {isa = PBXFileReference; lastKnownFileType = text.man; path = GrafoMatriz.1; sourceTree = "<group>"; };
		842CC14E15325E25009DE1BF /* Grafo.cpp */ = {isa = PBXFileReference; fileEncoding = 4; lastKnownFileType = sourcecode.cpp.cpp; path = Grafo.cpp; sourceTree = "<group>"; };
		842CC14F15325E25009DE1BF /* Grafo.h */ = {isa = PBXFileReference; fileEncoding = 4; lastKnownFileType = sourcecode.c.h; path = Grafo.h; sourceTree = "<group>"; };
/* End PBXFileReference section */

/* Begin PBXFrameworksBuildPhase section */
		842CC13F15325DF4009DE1BF /* Frameworks */ = {
			isa = PBXFrameworksBuildPhase;
			buildActionMask = 2147483647;
			files = (
			);
			runOnlyForDeploymentPostprocessing = 0;
		};
/* End PBXFrameworksBuildPhase section */

/* Begin PBXGroup section */
		842CC13715325DF4009DE1BF = {
			isa = PBXGroup;
			children = (
				842CC14515325DF4009DE1BF /* GrafoMatriz */,
				842CC14315325DF4009DE1BF /* Products */,
			);
			sourceTree = "<group>";
		};
		842CC14315325DF4009DE1BF /* Products */ = {
			isa = PBXGroup;
			children = (
				842CC14215325DF4009DE1BF /* GrafoMatriz */,
			);
			name = Products;
			sourceTree = "<group>";
		};
		842CC14515325DF4009DE1BF /* GrafoMatriz */ = {
			isa = PBXGroup;
			children = (
				842CC14615325DF4009DE1BF /* main.cpp */,
				842CC14815325DF4009DE1BF /* GrafoMatriz.1 */,
				842CC14E15325E25009DE1BF /* Grafo.cpp */,
				842CC14F15325E25009DE1BF /* Grafo.h */,
			);
			path = GrafoMatriz;
			sourceTree = "<group>";
		};
/* End PBXGroup section */

/* Begin PBXNativeTarget section */
		842CC14115325DF4009DE1BF /* GrafoMatriz */ = {
			isa = PBXNativeTarget;
			buildConfigurationList = 842CC14B15325DF4009DE1BF /* Build configuration list for PBXNativeTarget "GrafoMatriz" */;
			buildPhases = (
				842CC13E15325DF4009DE1BF /* Sources */,
				842CC13F15325DF4009DE1BF /* Frameworks */,
				842CC14015325DF4009DE1BF /* CopyFiles */,
			);
			buildRules = (
			);
			dependencies = (
			);
			name = GrafoMatriz;
			productName = GrafoMatriz;
			productReference = 842CC14215325DF4009DE1BF /* GrafoMatriz */;
			productType = "com.apple.product-type.tool";
		};
/* End PBXNativeTarget section */

/* Begin PBXProject section */
		842CC13915325DF4009DE1BF /* Project object */ = {
			isa = PBXProject;
			buildConfigurationList = 842CC13C15325DF4009DE1BF /* Build configuration list for PBXProject "GrafoMatriz" */;
			compatibilityVersion = "Xcode 3.2";
			developmentRegion = English;
			hasScannedForEncodings = 0;
			knownRegions = (
				en,
			);
			mainGroup = 842CC13715325DF4009DE1BF;
			productRefGroup = 842CC14315325DF4009DE1BF /* Products */;
			projectDirPath = "";
			projectRoot = "";
			targets = (
				842CC14115325DF4009DE1BF /* GrafoMatriz */,
			);
		};
/* End PBXProject section */

/* Begin PBXSourcesBuildPhase section */
		842CC13E15325DF4009DE1BF /* Sources */ = {
			isa = PBXSourcesBuildPhase;
			buildActionMask = 2147483647;
			files = (
				842CC14715325DF4009DE1BF /* main.cpp in Sources */,
				842CC15015325E25009DE1BF /* Grafo.cpp in Sources */,
			);
			runOnlyForDeploymentPostprocessing = 0;
		};
/* End PBXSourcesBuildPhase section */

/* Begin XCBuildConfiguration section */
		842CC14915325DF4009DE1BF /* Debug */ = {
			isa = XCBuildConfiguration;
			buildSettings = {
				ARCHS = "$(ARCHS_STANDARD_32_64_BIT)";
				GCC_C_LANGUAGE_STANDARD = gnu99;
				GCC_OPTIMIZATION_LEVEL = 0;
				GCC_PREPROCESSOR_DEFINITIONS = DEBUG;
				GCC_SYMBOLS_PRIVATE_EXTERN = NO;
				GCC_VERSION = com.apple.compilers.llvm.clang.1_0;
				GCC_WARN_64_TO_32_BIT_CONVERSION = YES;
				GCC_WARN_ABOUT_RETURN_TYPE = YES;
				GCC_WARN_UNUSED_VARIABLE = YES;
				MACOSX_DEPLOYMENT_TARGET = 10.6;
				ONLY_ACTIVE_ARCH = YES;
				SDKROOT = macosx;
			};
			name = Debug;
		};
		842CC14A15325DF4009DE1BF /* Release */ = {
			isa = XCBuildConfiguration;
			buildSettings = {
				ARCHS = "$(ARCHS_STANDARD_32_64_BIT)";
				GCC_C_LANGUAGE_STANDARD = gnu99;
				GCC_VERSION = com.apple.compilers.llvm.clang.1_0;
				GCC_WARN_64_TO_32_BIT_CONVERSION = YES;
				GCC_WARN_ABOUT_RETURN_TYPE = YES;
				GCC_WARN_UNUSED_VARIABLE = YES;
				MACOSX_DEPLOYMENT_TARGET = 10.6;
				SDKROOT = macosx;
			};
			name = Release;
		};
		842CC14C15325DF4009DE1BF /* Debug */ = {
			isa = XCBuildConfiguration;
			buildSettings = {
				ALWAYS_SEARCH_USER_PATHS = NO;
				COPY_PHASE_STRIP = NO;
				GCC_DYNAMIC_NO_PIC = NO;
				GCC_ENABLE_OBJC_EXCEPTIONS = YES;
				PRODUCT_NAME = "$(TARGET_NAME)";
			};
			name = Debug;
		};
		842CC14D15325DF4009DE1BF /* Release */ = {
			isa = XCBuildConfiguration;
			buildSettings = {
				ALWAYS_SEARCH_USER_PATHS = NO;
				COPY_PHASE_STRIP = YES;
				DEBUG_INFORMATION_FORMAT = "dwarf-with-dsym";
				GCC_ENABLE_OBJC_EXCEPTIONS = YES;
				PRODUCT_NAME = "$(TARGET_NAME)";
			};
			name = Release;
		};
/* End XCBuildConfiguration section */

/* Begin XCConfigurationList section */
		842CC13C15325DF4009DE1BF /* Build configuration list for PBXProject "GrafoMatriz" */ = {
			isa = XCConfigurationList;
			buildConfigurations = (
				842CC14915325DF4009DE1BF /* Debug */,
				842CC14A15325DF4009DE1BF /* Release */,
			);
			defaultConfigurationIsVisible = 0;
			defaultConfigurationName = Release;
		};
		842CC14B15325DF4009DE1BF /* Build configuration list for PBXNativeTarget "GrafoMatriz" */ = {
			isa = XCConfigurationList;
			buildConfigurations = (
				842CC14C15325DF4009DE1BF /* Debug */,
				842CC14D15325DF4009DE1BF /* Release */,
			);
			defaultConfigurationIsVisible = 0;
		};
/* End XCConfigurationList section */
	};
	rootObject = 842CC13915325DF4009DE1BF /* Project object */;
}
