// !$*UTF8*$!
{
	archiveVersion = 1;
	classes = {
	};
	objectVersion = 46;
	objects = {

/* Begin PBXFileReference section */
		19D267971B94B43F00932452 /* main.cpp */ = {isa = PBXFileReference; lastKnownFileType = sourcecode.cpp.cpp; path = main.cpp; sourceTree = "<group>"; };
		19D267981B94B49300932452 /* Enemigo.cpp */ = {isa = PBXFileReference; lastKnownFileType = sourcecode.cpp.cpp; path = Enemigo.cpp; sourceTree = "<group>"; };
		19D267991B94B49300932452 /* Enemigo.h */ = {isa = PBXFileReference; lastKnownFileType = sourcecode.c.h; path = Enemigo.h; sourceTree = "<group>"; };
		19D2679A1B94B4DC00932452 /* Monstruo.cpp */ = {isa = PBXFileReference; lastKnownFileType = sourcecode.cpp.cpp; path = Monstruo.cpp; sourceTree = "<group>"; };
		19D2679B1B94B4DC00932452 /* Monstruo.h */ = {isa = PBXFileReference; lastKnownFileType = sourcecode.c.h; path = Monstruo.h; sourceTree = "<group>"; };
		19D2679C1B94B4EA00932452 /* Hoyo.cpp */ = {isa = PBXFileReference; lastKnownFileType = sourcecode.cpp.cpp; path = Hoyo.cpp; sourceTree = "<group>"; };
		19D2679D1B94B4EA00932452 /* Hoyo.h */ = {isa = PBXFileReference; lastKnownFileType = sourcecode.c.h; path = Hoyo.h; sourceTree = "<group>"; };
		19F0927D1BA65C5E00F29A60 /* Jugador.cpp */ = {isa = PBXFileReference; lastKnownFileType = sourcecode.cpp.cpp; path = Jugador.cpp; sourceTree = "<group>"; };
		19F0927E1BA65C5E00F29A60 /* Jugador.h */ = {isa = PBXFileReference; lastKnownFileType = sourcecode.c.h; path = Jugador.h; sourceTree = "<group>"; };
		19F0927F1BA662BE00F29A60 /* Juego.cpp */ = {isa = PBXFileReference; lastKnownFileType = sourcecode.cpp.cpp; path = Juego.cpp; sourceTree = "<group>"; };
		19F092801BA662BE00F29A60 /* Juego.h */ = {isa = PBXFileReference; lastKnownFileType = sourcecode.c.h; path = Juego.h; sourceTree = "<group>"; };
/* End PBXFileReference section */

/* Begin PBXGroup section */
		19D267901B94B42100932452 = {
			isa = PBXGroup;
			children = (
				19D267971B94B43F00932452 /* main.cpp */,
				19D267981B94B49300932452 /* Enemigo.cpp */,
				19D267991B94B49300932452 /* Enemigo.h */,
				19D2679A1B94B4DC00932452 /* Monstruo.cpp */,
				19D2679B1B94B4DC00932452 /* Monstruo.h */,
				19D2679C1B94B4EA00932452 /* Hoyo.cpp */,
				19D2679D1B94B4EA00932452 /* Hoyo.h */,
				19F0927D1BA65C5E00F29A60 /* Jugador.cpp */,
				19F0927E1BA65C5E00F29A60 /* Jugador.h */,
				19F0927F1BA662BE00F29A60 /* Juego.cpp */,
				19F092801BA662BE00F29A60 /* Juego.h */,
			);
			sourceTree = "<group>";
		};
/* End PBXGroup section */

/* Begin PBXProject section */
		19D267911B94B42100932452 /* Project object */ = {
			isa = PBXProject;
			attributes = {
				LastUpgradeCheck = 0640;
			};
			buildConfigurationList = 19D267941B94B42100932452 /* Build configuration list for PBXProject "TareaJuegoPOO" */;
			compatibilityVersion = "Xcode 3.2";
			developmentRegion = English;
			hasScannedForEncodings = 0;
			knownRegions = (
				en,
			);
			mainGroup = 19D267901B94B42100932452;
			projectDirPath = "";
			projectRoot = "";
			targets = (
			);
		};
/* End PBXProject section */

/* Begin XCBuildConfiguration section */
		19D267951B94B42100932452 /* Debug */ = {
			isa = XCBuildConfiguration;
			buildSettings = {
			};
			name = Debug;
		};
		19D267961B94B42100932452 /* Release */ = {
			isa = XCBuildConfiguration;
			buildSettings = {
			};
			name = Release;
		};
/* End XCBuildConfiguration section */

/* Begin XCConfigurationList section */
		19D267941B94B42100932452 /* Build configuration list for PBXProject "TareaJuegoPOO" */ = {
			isa = XCConfigurationList;
			buildConfigurations = (
				19D267951B94B42100932452 /* Debug */,
				19D267961B94B42100932452 /* Release */,
			);
			defaultConfigurationIsVisible = 0;
			defaultConfigurationName = Release;
		};
/* End XCConfigurationList section */
	};
	rootObject = 19D267911B94B42100932452 /* Project object */;
}
